
Microsoft Visual Studio Solution File, Format Version 12.00
# Visual Studio Version 17
VisualStudioVersion = 17.13.35818.85
MinimumVisualStudioVersion = 10.0.40219.1
Project("{FAE04EC0-301F-11D3-BF4B-00C04F79EFBC}") = "Restaurant Management App", "Restaurant Management App.csproj", "{9626DE19-0F80-412B-A307-1F75C9111E41}"
EndProject
Global
	GlobalSection(SolutionConfigurationPlatforms) = preSolution
		Debug|Any CPU = Debug|Any CPU
		Release|Any CPU = Release|Any CPU
	EndGlobalSection
	GlobalSection(ProjectConfigurationPlatforms) = postSolution
		{9626DE19-0F80-412B-A307-1F75C9111E41}.Debug|Any CPU.ActiveCfg = Debug|Any CPU
		{9626DE19-0F80-412B-A307-1F75C9111E41}.Debug|Any CPU.Build.0 = Debug|Any CPU
		{9626DE19-0F80-412B-A307-1F75C9111E41}.Release|Any CPU.ActiveCfg = Release|Any CPU
		{9626DE19-0F80-412B-A307-1F75C9111E41}.Release|Any CPU.Build.0 = Release|Any CPU
	EndGlobalSection
	GlobalSection(SolutionProperties) = preSolution
		HideSolutionNode = FALSE
	EndGlobalSection
	GlobalSection(ExtensibilityGlobals) = postSolution
		SolutionGuid = {F6A2042B-89E1-4B3B-B1B3-0C18E0B50B67}
	EndGlobalSection
EndGlobal
